// !$*UTF8*$!
{
	archiveVersion = 1;
	classes = {
	};
	objectVersion = 46;
	objects = {

/* Begin PBXBuildFile section */
		763617DD1D9B1E4D009C3913 /* AppDelegate.swift in Sources */ = {isa = PBXBuildFile; fileRef = 763617DC1D9B1E4D009C3913 /* AppDelegate.swift */; };
		763617E51D9B1E4D009C3913 /* GameViewController.swift in Sources */ = {isa = PBXBuildFile; fileRef = 763617E41D9B1E4D009C3913 /* GameViewController.swift */; };
		763617E81D9B1E4D009C3913 /* Main.storyboard in Resources */ = {isa = PBXBuildFile; fileRef = 763617E61D9B1E4D009C3913 /* Main.storyboard */; };
		763617EA1D9B1E4D009C3913 /* Assets.xcassets in Resources */ = {isa = PBXBuildFile; fileRef = 763617E91D9B1E4D009C3913 /* Assets.xcassets */; };
		763617ED1D9B1E4D009C3913 /* LaunchScreen.storyboard in Resources */ = {isa = PBXBuildFile; fileRef = 763617EB1D9B1E4D009C3913 /* LaunchScreen.storyboard */; };
		763618241D9B1FAF009C3913 /* Interface.storyboard in Resources */ = {isa = PBXBuildFile; fileRef = 763618221D9B1FAF009C3913 /* Interface.storyboard */; };
		763618261D9B1FAF009C3913 /* Assets.xcassets in Resources */ = {isa = PBXBuildFile; fileRef = 763618251D9B1FAF009C3913 /* Assets.xcassets */; };
		7636182D1D9B1FAF009C3913 /* Demo WatchKit Extension.appex in Embed App Extensions */ = {isa = PBXBuildFile; fileRef = 7636182C1D9B1FAF009C3913 /* Demo WatchKit Extension.appex */; settings = {ATTRIBUTES = (RemoveHeadersOnCopy, ); }; };
		763618321D9B1FAF009C3913 /* InterfaceController.swift in Sources */ = {isa = PBXBuildFile; fileRef = 763618311D9B1FAF009C3913 /* InterfaceController.swift */; };
		763618341D9B1FAF009C3913 /* ExtensionDelegate.swift in Sources */ = {isa = PBXBuildFile; fileRef = 763618331D9B1FAF009C3913 /* ExtensionDelegate.swift */; };
		763618361D9B1FAF009C3913 /* Assets.xcassets in Resources */ = {isa = PBXBuildFile; fileRef = 763618351D9B1FAF009C3913 /* Assets.xcassets */; };
		7636183A1D9B1FAF009C3913 /* Demo WatchKit App.app in Embed Watch Content */ = {isa = PBXBuildFile; fileRef = 763618201D9B1FAF009C3913 /* Demo WatchKit App.app */; };
		763C23231DA0861A0037A432 /* GameScene.swift in Sources */ = {isa = PBXBuildFile; fileRef = 763C23221DA0861A0037A432 /* GameScene.swift */; };
		763C23241DA0861A0037A432 /* GameScene.swift in Sources */ = {isa = PBXBuildFile; fileRef = 763C23221DA0861A0037A432 /* GameScene.swift */; };
		769291671DA07F4D00C0A8A2 /* RingType.swift in Sources */ = {isa = PBXBuildFile; fileRef = 769291661DA07F4D00C0A8A2 /* RingType.swift */; };
		769291681DA07F4D00C0A8A2 /* RingType.swift in Sources */ = {isa = PBXBuildFile; fileRef = 769291661DA07F4D00C0A8A2 /* RingType.swift */; };
		76D19A971D9F039700A69030 /* CGFloat.swift in Sources */ = {isa = PBXBuildFile; fileRef = 76D19A941D9F039700A69030 /* CGFloat.swift */; };
		76D19A981D9F039700A69030 /* CGFloat.swift in Sources */ = {isa = PBXBuildFile; fileRef = 76D19A941D9F039700A69030 /* CGFloat.swift */; };
		76D19A991D9F039700A69030 /* SKColor.swift in Sources */ = {isa = PBXBuildFile; fileRef = 76D19A951D9F039700A69030 /* SKColor.swift */; };
		76D19A9A1D9F039700A69030 /* SKColor.swift in Sources */ = {isa = PBXBuildFile; fileRef = 76D19A951D9F039700A69030 /* SKColor.swift */; };
		76D19A9B1D9F039700A69030 /* SKRingNode.swift in Sources */ = {isa = PBXBuildFile; fileRef = 76D19A961D9F039700A69030 /* SKRingNode.swift */; };
		76D19A9C1D9F039700A69030 /* SKRingNode.swift in Sources */ = {isa = PBXBuildFile; fileRef = 76D19A961D9F039700A69030 /* SKRingNode.swift */; };
		76D19AAA1D9F03A500A69030 /* CGFloat+Extensions.swift in Sources */ = {isa = PBXBuildFile; fileRef = 76D19A9E1D9F03A500A69030 /* CGFloat+Extensions.swift */; };
		76D19AAB1D9F03A500A69030 /* CGFloat+Extensions.swift in Sources */ = {isa = PBXBuildFile; fileRef = 76D19A9E1D9F03A500A69030 /* CGFloat+Extensions.swift */; };
		76D19AAC1D9F03A500A69030 /* CGPoint+Extensions.swift in Sources */ = {isa = PBXBuildFile; fileRef = 76D19A9F1D9F03A500A69030 /* CGPoint+Extensions.swift */; };
		76D19AAD1D9F03A500A69030 /* CGPoint+Extensions.swift in Sources */ = {isa = PBXBuildFile; fileRef = 76D19A9F1D9F03A500A69030 /* CGPoint+Extensions.swift */; };
		76D19AAE1D9F03A500A69030 /* CGVector+Extensions.swift in Sources */ = {isa = PBXBuildFile; fileRef = 76D19AA01D9F03A500A69030 /* CGVector+Extensions.swift */; };
		76D19AAF1D9F03A500A69030 /* CGVector+Extensions.swift in Sources */ = {isa = PBXBuildFile; fileRef = 76D19AA01D9F03A500A69030 /* CGVector+Extensions.swift */; };
		76D19AB01D9F03A500A69030 /* Int+Extensions.swift in Sources */ = {isa = PBXBuildFile; fileRef = 76D19AA11D9F03A500A69030 /* Int+Extensions.swift */; };
		76D19AB11D9F03A500A69030 /* Int+Extensions.swift in Sources */ = {isa = PBXBuildFile; fileRef = 76D19AA11D9F03A500A69030 /* Int+Extensions.swift */; };
		76D19AB21D9F03A500A69030 /* SKAction+Extensions.swift in Sources */ = {isa = PBXBuildFile; fileRef = 76D19AA21D9F03A500A69030 /* SKAction+Extensions.swift */; };
		76D19AB31D9F03A500A69030 /* SKAction+Extensions.swift in Sources */ = {isa = PBXBuildFile; fileRef = 76D19AA21D9F03A500A69030 /* SKAction+Extensions.swift */; };
		76D19AB41D9F03A500A69030 /* SKAction+SpecialEffects.swift in Sources */ = {isa = PBXBuildFile; fileRef = 76D19AA31D9F03A500A69030 /* SKAction+SpecialEffects.swift */; };
		76D19AB51D9F03A500A69030 /* SKAction+SpecialEffects.swift in Sources */ = {isa = PBXBuildFile; fileRef = 76D19AA31D9F03A500A69030 /* SKAction+SpecialEffects.swift */; };
		76D19AB61D9F03A500A69030 /* SKColor+Extensions.swift in Sources */ = {isa = PBXBuildFile; fileRef = 76D19AA41D9F03A500A69030 /* SKColor+Extensions.swift */; };
		76D19AB71D9F03A500A69030 /* SKColor+Extensions.swift in Sources */ = {isa = PBXBuildFile; fileRef = 76D19AA41D9F03A500A69030 /* SKColor+Extensions.swift */; };
		76D19AB81D9F03A500A69030 /* SKNode+Extensions.swift in Sources */ = {isa = PBXBuildFile; fileRef = 76D19AA51D9F03A500A69030 /* SKNode+Extensions.swift */; };
		76D19AB91D9F03A500A69030 /* SKNode+Extensions.swift in Sources */ = {isa = PBXBuildFile; fileRef = 76D19AA51D9F03A500A69030 /* SKNode+Extensions.swift */; };
		76D19ABA1D9F03A500A69030 /* SKTAudio.swift in Sources */ = {isa = PBXBuildFile; fileRef = 76D19AA61D9F03A500A69030 /* SKTAudio.swift */; };
		76D19ABC1D9F03A500A69030 /* SKTEffects.swift in Sources */ = {isa = PBXBuildFile; fileRef = 76D19AA71D9F03A500A69030 /* SKTEffects.swift */; };
		76D19ABD1D9F03A500A69030 /* SKTEffects.swift in Sources */ = {isa = PBXBuildFile; fileRef = 76D19AA71D9F03A500A69030 /* SKTEffects.swift */; };
		76D19ABE1D9F03A500A69030 /* SKTTimingFunctions.swift in Sources */ = {isa = PBXBuildFile; fileRef = 76D19AA81D9F03A500A69030 /* SKTTimingFunctions.swift */; };
		76D19ABF1D9F03A500A69030 /* SKTTimingFunctions.swift in Sources */ = {isa = PBXBuildFile; fileRef = 76D19AA81D9F03A500A69030 /* SKTTimingFunctions.swift */; };
		76D19AC01D9F03A500A69030 /* Vector3.swift in Sources */ = {isa = PBXBuildFile; fileRef = 76D19AA91D9F03A500A69030 /* Vector3.swift */; };
		76D19AC11D9F03A500A69030 /* Vector3.swift in Sources */ = {isa = PBXBuildFile; fileRef = 76D19AA91D9F03A500A69030 /* Vector3.swift */; };
/* End PBXBuildFile section */

/* Begin PBXContainerItemProxy section */
		7636182E1D9B1FAF009C3913 /* PBXContainerItemProxy */ = {
			isa = PBXContainerItemProxy;
			containerPortal = 763617D11D9B1E4D009C3913 /* Project object */;
			proxyType = 1;
			remoteGlobalIDString = 7636182B1D9B1FAF009C3913;
			remoteInfo = "SKTRingNodeDemo WatchKit App Extension";
		};
		763618381D9B1FAF009C3913 /* PBXContainerItemProxy */ = {
			isa = PBXContainerItemProxy;
			containerPortal = 763617D11D9B1E4D009C3913 /* Project object */;
			proxyType = 1;
			remoteGlobalIDString = 7636181F1D9B1FAF009C3913;
			remoteInfo = "SKTRingNodeDemo WatchKit App";
		};
/* End PBXContainerItemProxy section */

/* Begin PBXCopyFilesBuildPhase section */
		7636183E1D9B1FAF009C3913 /* Embed App Extensions */ = {
			isa = PBXCopyFilesBuildPhase;
			buildActionMask = 2147483647;
			dstPath = "";
			dstSubfolderSpec = 13;
			files = (
				7636182D1D9B1FAF009C3913 /* Demo WatchKit Extension.appex in Embed App Extensions */,
			);
			name = "Embed App Extensions";
			runOnlyForDeploymentPostprocessing = 0;
		};
		763618421D9B1FAF009C3913 /* Embed Watch Content */ = {
			isa = PBXCopyFilesBuildPhase;
			buildActionMask = 2147483647;
			dstPath = "$(CONTENTS_FOLDER_PATH)/Watch";
			dstSubfolderSpec = 16;
			files = (
				7636183A1D9B1FAF009C3913 /* Demo WatchKit App.app in Embed Watch Content */,
			);
			name = "Embed Watch Content";
			runOnlyForDeploymentPostprocessing = 0;
		};
/* End PBXCopyFilesBuildPhase section */

/* Begin PBXFileReference section */
		763617D91D9B1E4D009C3913 /* Demo.app */ = {isa = PBXFileReference; explicitFileType = wrapper.application; includeInIndex = 0; path = Demo.app; sourceTree = BUILT_PRODUCTS_DIR; };
		763617DC1D9B1E4D009C3913 /* AppDelegate.swift */ = {isa = PBXFileReference; lastKnownFileType = sourcecode.swift; path = AppDelegate.swift; sourceTree = "<group>"; };
		763617E41D9B1E4D009C3913 /* GameViewController.swift */ = {isa = PBXFileReference; lastKnownFileType = sourcecode.swift; path = GameViewController.swift; sourceTree = "<group>"; };
		763617E71D9B1E4D009C3913 /* Base */ = {isa = PBXFileReference; lastKnownFileType = file.storyboard; name = Base; path = Base.lproj/Main.storyboard; sourceTree = "<group>"; };
		763617E91D9B1E4D009C3913 /* Assets.xcassets */ = {isa = PBXFileReference; lastKnownFileType = folder.assetcatalog; path = Assets.xcassets; sourceTree = "<group>"; };
		763617EC1D9B1E4D009C3913 /* Base */ = {isa = PBXFileReference; lastKnownFileType = file.storyboard; name = Base; path = Base.lproj/LaunchScreen.storyboard; sourceTree = "<group>"; };
		763617EE1D9B1E4D009C3913 /* Info.plist */ = {isa = PBXFileReference; lastKnownFileType = text.plist.xml; path = Info.plist; sourceTree = "<group>"; };
		763618201D9B1FAF009C3913 /* Demo WatchKit App.app */ = {isa = PBXFileReference; explicitFileType = wrapper.application; includeInIndex = 0; path = "Demo WatchKit App.app"; sourceTree = BUILT_PRODUCTS_DIR; };
		763618231D9B1FAF009C3913 /* Base */ = {isa = PBXFileReference; lastKnownFileType = file.storyboard; name = Base; path = Base.lproj/Interface.storyboard; sourceTree = "<group>"; };
		763618251D9B1FAF009C3913 /* Assets.xcassets */ = {isa = PBXFileReference; lastKnownFileType = folder.assetcatalog; path = Assets.xcassets; sourceTree = "<group>"; };
		763618271D9B1FAF009C3913 /* Info.plist */ = {isa = PBXFileReference; lastKnownFileType = text.plist.xml; path = Info.plist; sourceTree = "<group>"; };
		7636182C1D9B1FAF009C3913 /* Demo WatchKit Extension.appex */ = {isa = PBXFileReference; explicitFileType = "wrapper.app-extension"; includeInIndex = 0; path = "Demo WatchKit Extension.appex"; sourceTree = BUILT_PRODUCTS_DIR; };
		763618311D9B1FAF009C3913 /* InterfaceController.swift */ = {isa = PBXFileReference; lastKnownFileType = sourcecode.swift; path = InterfaceController.swift; sourceTree = "<group>"; };
		763618331D9B1FAF009C3913 /* ExtensionDelegate.swift */ = {isa = PBXFileReference; lastKnownFileType = sourcecode.swift; path = ExtensionDelegate.swift; sourceTree = "<group>"; };
		763618351D9B1FAF009C3913 /* Assets.xcassets */ = {isa = PBXFileReference; lastKnownFileType = folder.assetcatalog; path = Assets.xcassets; sourceTree = "<group>"; };
		763618371D9B1FAF009C3913 /* Info.plist */ = {isa = PBXFileReference; lastKnownFileType = text.plist.xml; path = Info.plist; sourceTree = "<group>"; };
		763C23221DA0861A0037A432 /* GameScene.swift */ = {isa = PBXFileReference; fileEncoding = 4; lastKnownFileType = sourcecode.swift; name = GameScene.swift; path = Demo/GameScene.swift; sourceTree = SOURCE_ROOT; };
		769291661DA07F4D00C0A8A2 /* RingType.swift */ = {isa = PBXFileReference; fileEncoding = 4; lastKnownFileType = sourcecode.swift; name = RingType.swift; path = Demo/RingType.swift; sourceTree = SOURCE_ROOT; };
		76D19A941D9F039700A69030 /* CGFloat.swift */ = {isa = PBXFileReference; fileEncoding = 4; lastKnownFileType = sourcecode.swift; path = CGFloat.swift; sourceTree = "<group>"; };
		76D19A951D9F039700A69030 /* SKColor.swift */ = {isa = PBXFileReference; fileEncoding = 4; lastKnownFileType = sourcecode.swift; path = SKColor.swift; sourceTree = "<group>"; };
		76D19A961D9F039700A69030 /* SKRingNode.swift */ = {isa = PBXFileReference; fileEncoding = 4; lastKnownFileType = sourcecode.swift; path = SKRingNode.swift; sourceTree = "<group>"; };
		76D19A9E1D9F03A500A69030 /* CGFloat+Extensions.swift */ = {isa = PBXFileReference; fileEncoding = 4; lastKnownFileType = sourcecode.swift; path = "CGFloat+Extensions.swift"; sourceTree = "<group>"; };
		76D19A9F1D9F03A500A69030 /* CGPoint+Extensions.swift */ = {isa = PBXFileReference; fileEncoding = 4; lastKnownFileType = sourcecode.swift; path = "CGPoint+Extensions.swift"; sourceTree = "<group>"; };
		76D19AA01D9F03A500A69030 /* CGVector+Extensions.swift */ = {isa = PBXFileReference; fileEncoding = 4; lastKnownFileType = sourcecode.swift; path = "CGVector+Extensions.swift"; sourceTree = "<group>"; };
		76D19AA11D9F03A500A69030 /* Int+Extensions.swift */ = {isa = PBXFileReference; fileEncoding = 4; lastKnownFileType = sourcecode.swift; path = "Int+Extensions.swift"; sourceTree = "<group>"; };
		76D19AA21D9F03A500A69030 /* SKAction+Extensions.swift */ = {isa = PBXFileReference; fileEncoding = 4; lastKnownFileType = sourcecode.swift; path = "SKAction+Extensions.swift"; sourceTree = "<group>"; };
		76D19AA31D9F03A500A69030 /* SKAction+SpecialEffects.swift */ = {isa = PBXFileReference; fileEncoding = 4; lastKnownFileType = sourcecode.swift; path = "SKAction+SpecialEffects.swift"; sourceTree = "<group>"; };
		76D19AA41D9F03A500A69030 /* SKColor+Extensions.swift */ = {isa = PBXFileReference; fileEncoding = 4; lastKnownFileType = sourcecode.swift; path = "SKColor+Extensions.swift"; sourceTree = "<group>"; };
		76D19AA51D9F03A500A69030 /* SKNode+Extensions.swift */ = {isa = PBXFileReference; fileEncoding = 4; lastKnownFileType = sourcecode.swift; path = "SKNode+Extensions.swift"; sourceTree = "<group>"; };
		76D19AA61D9F03A500A69030 /* SKTAudio.swift */ = {isa = PBXFileReference; fileEncoding = 4; lastKnownFileType = sourcecode.swift; path = SKTAudio.swift; sourceTree = "<group>"; };
		76D19AA71D9F03A500A69030 /* SKTEffects.swift */ = {isa = PBXFileReference; fileEncoding = 4; lastKnownFileType = sourcecode.swift; path = SKTEffects.swift; sourceTree = "<group>"; };
		76D19AA81D9F03A500A69030 /* SKTTimingFunctions.swift */ = {isa = PBXFileReference; fileEncoding = 4; lastKnownFileType = sourcecode.swift; path = SKTTimingFunctions.swift; sourceTree = "<group>"; };
		76D19AA91D9F03A500A69030 /* Vector3.swift */ = {isa = PBXFileReference; fileEncoding = 4; lastKnownFileType = sourcecode.swift; path = Vector3.swift; sourceTree = "<group>"; };
/* End PBXFileReference section */

/* Begin PBXFrameworksBuildPhase section */
		763617D61D9B1E4D009C3913 /* Frameworks */ = {
			isa = PBXFrameworksBuildPhase;
			buildActionMask = 2147483647;
			files = (
			);
			runOnlyForDeploymentPostprocessing = 0;
		};
		763618291D9B1FAF009C3913 /* Frameworks */ = {
			isa = PBXFrameworksBuildPhase;
			buildActionMask = 2147483647;
			files = (
			);
			runOnlyForDeploymentPostprocessing = 0;
		};
/* End PBXFrameworksBuildPhase section */

/* Begin PBXGroup section */
		763617D01D9B1E4D009C3913 = {
			isa = PBXGroup;
			children = (
				763617DB1D9B1E4D009C3913 /* Demo */,
				7636180A1D9B1EF8009C3913 /* Shared */,
				763618211D9B1FAF009C3913 /* Demo WatchKit App */,
				763618301D9B1FAF009C3913 /* Demo WatchKit Extension */,
				763617DA1D9B1E4D009C3913 /* Products */,
			);
			sourceTree = "<group>";
		};
		763617DA1D9B1E4D009C3913 /* Products */ = {
			isa = PBXGroup;
			children = (
				763617D91D9B1E4D009C3913 /* Demo.app */,
				763618201D9B1FAF009C3913 /* Demo WatchKit App.app */,
				7636182C1D9B1FAF009C3913 /* Demo WatchKit Extension.appex */,
			);
			name = Products;
			sourceTree = "<group>";
		};
		763617DB1D9B1E4D009C3913 /* Demo */ = {
			isa = PBXGroup;
			children = (
				763617DC1D9B1E4D009C3913 /* AppDelegate.swift */,
				763617E41D9B1E4D009C3913 /* GameViewController.swift */,
				763617E61D9B1E4D009C3913 /* Main.storyboard */,
				763617E91D9B1E4D009C3913 /* Assets.xcassets */,
				763617EB1D9B1E4D009C3913 /* LaunchScreen.storyboard */,
				763617EE1D9B1E4D009C3913 /* Info.plist */,
			);
			path = Demo;
			sourceTree = "<group>";
		};
		7636180A1D9B1EF8009C3913 /* Shared */ = {
			isa = PBXGroup;
			children = (
				763C23221DA0861A0037A432 /* GameScene.swift */,
				769291661DA07F4D00C0A8A2 /* RingType.swift */,
				76D19A9D1D9F03A500A69030 /* SKTUtils */,
				76D19A931D9F039700A69030 /* SKTRings */,
			);
			name = Shared;
			path = "../w2T/18-interactive-animations-with-spritekit-and-scenekit/projects/final/Escape";
			sourceTree = "<group>";
		};
		763618211D9B1FAF009C3913 /* Demo WatchKit App */ = {
			isa = PBXGroup;
			children = (
				763618221D9B1FAF009C3913 /* Interface.storyboard */,
				763618251D9B1FAF009C3913 /* Assets.xcassets */,
				763618271D9B1FAF009C3913 /* Info.plist */,
			);
			path = "Demo WatchKit App";
			sourceTree = "<group>";
		};
		763618301D9B1FAF009C3913 /* Demo WatchKit Extension */ = {
			isa = PBXGroup;
			children = (
				763618311D9B1FAF009C3913 /* InterfaceController.swift */,
				763618331D9B1FAF009C3913 /* ExtensionDelegate.swift */,
				763618351D9B1FAF009C3913 /* Assets.xcassets */,
				763618371D9B1FAF009C3913 /* Info.plist */,
			);
			path = "Demo WatchKit Extension";
			sourceTree = "<group>";
		};
		76D19A931D9F039700A69030 /* SKTRings */ = {
			isa = PBXGroup;
			children = (
				76D19A941D9F039700A69030 /* CGFloat.swift */,
				76D19A951D9F039700A69030 /* SKColor.swift */,
				76D19A961D9F039700A69030 /* SKRingNode.swift */,
			);
			path = SKTRings;
			sourceTree = SOURCE_ROOT;
		};
		76D19A9D1D9F03A500A69030 /* SKTUtils */ = {
			isa = PBXGroup;
			children = (
				76D19A9E1D9F03A500A69030 /* CGFloat+Extensions.swift */,
				76D19A9F1D9F03A500A69030 /* CGPoint+Extensions.swift */,
				76D19AA01D9F03A500A69030 /* CGVector+Extensions.swift */,
				76D19AA11D9F03A500A69030 /* Int+Extensions.swift */,
				76D19AA21D9F03A500A69030 /* SKAction+Extensions.swift */,
				76D19AA31D9F03A500A69030 /* SKAction+SpecialEffects.swift */,
				76D19AA41D9F03A500A69030 /* SKColor+Extensions.swift */,
				76D19AA51D9F03A500A69030 /* SKNode+Extensions.swift */,
				76D19AA61D9F03A500A69030 /* SKTAudio.swift */,
				76D19AA71D9F03A500A69030 /* SKTEffects.swift */,
				76D19AA81D9F03A500A69030 /* SKTTimingFunctions.swift */,
				76D19AA91D9F03A500A69030 /* Vector3.swift */,
			);
			path = SKTUtils;
			sourceTree = SOURCE_ROOT;
		};
/* End PBXGroup section */

/* Begin PBXNativeTarget section */
		763617D81D9B1E4D009C3913 /* Demo */ = {
			isa = PBXNativeTarget;
			buildConfigurationList = 763617F11D9B1E4D009C3913 /* Build configuration list for PBXNativeTarget "Demo" */;
			buildPhases = (
				763617D51D9B1E4D009C3913 /* Sources */,
				763617D61D9B1E4D009C3913 /* Frameworks */,
				763617D71D9B1E4D009C3913 /* Resources */,
				763618421D9B1FAF009C3913 /* Embed Watch Content */,
			);
			buildRules = (
			);
			dependencies = (
				763618391D9B1FAF009C3913 /* PBXTargetDependency */,
			);
			name = Demo;
			productName = SKTRingNodeDemo;
			productReference = 763617D91D9B1E4D009C3913 /* Demo.app */;
			productType = "com.apple.product-type.application";
		};
		7636181F1D9B1FAF009C3913 /* Demo WatchKit App */ = {
			isa = PBXNativeTarget;
			buildConfigurationList = 7636183F1D9B1FAF009C3913 /* Build configuration list for PBXNativeTarget "Demo WatchKit App" */;
			buildPhases = (
				7636181E1D9B1FAF009C3913 /* Resources */,
				7636183E1D9B1FAF009C3913 /* Embed App Extensions */,
			);
			buildRules = (
			);
			dependencies = (
				7636182F1D9B1FAF009C3913 /* PBXTargetDependency */,
			);
			name = "Demo WatchKit App";
			productName = "SKTRingNodeDemo WatchKit App";
			productReference = 763618201D9B1FAF009C3913 /* Demo WatchKit App.app */;
			productType = "com.apple.product-type.application.watchapp2";
		};
		7636182B1D9B1FAF009C3913 /* Demo WatchKit Extension */ = {
			isa = PBXNativeTarget;
			buildConfigurationList = 7636183B1D9B1FAF009C3913 /* Build configuration list for PBXNativeTarget "Demo WatchKit Extension" */;
			buildPhases = (
				763618281D9B1FAF009C3913 /* Sources */,
				763618291D9B1FAF009C3913 /* Frameworks */,
				7636182A1D9B1FAF009C3913 /* Resources */,
			);
			buildRules = (
			);
			dependencies = (
			);
			name = "Demo WatchKit Extension";
			productName = "SKTRingNodeDemo WatchKit App Extension";
			productReference = 7636182C1D9B1FAF009C3913 /* Demo WatchKit Extension.appex */;
			productType = "com.apple.product-type.watchkit2-extension";
		};
/* End PBXNativeTarget section */

/* Begin PBXProject section */
		763617D11D9B1E4D009C3913 /* Project object */ = {
			isa = PBXProject;
			attributes = {
				LastSwiftUpdateCheck = 0800;
				LastUpgradeCheck = 0800;
				ORGANIZATIONNAME = benmorrow;
				TargetAttributes = {
					763617D81D9B1E4D009C3913 = {
						CreatedOnToolsVersion = 8.0;
						ProvisioningStyle = Automatic;
					};
					7636181F1D9B1FAF009C3913 = {
						CreatedOnToolsVersion = 8.0;
						ProvisioningStyle = Automatic;
					};
					7636182B1D9B1FAF009C3913 = {
						CreatedOnToolsVersion = 8.0;
						ProvisioningStyle = Automatic;
					};
				};
			};
			buildConfigurationList = 763617D41D9B1E4D009C3913 /* Build configuration list for PBXProject "Demo" */;
			compatibilityVersion = "Xcode 3.2";
			developmentRegion = English;
			hasScannedForEncodings = 0;
			knownRegions = (
				en,
				Base,
			);
			mainGroup = 763617D01D9B1E4D009C3913;
			productRefGroup = 763617DA1D9B1E4D009C3913 /* Products */;
			projectDirPath = "";
			projectRoot = "";
			targets = (
				763617D81D9B1E4D009C3913 /* Demo */,
				7636181F1D9B1FAF009C3913 /* Demo WatchKit App */,
				7636182B1D9B1FAF009C3913 /* Demo WatchKit Extension */,
			);
		};
/* End PBXProject section */

/* Begin PBXResourcesBuildPhase section */
		763617D71D9B1E4D009C3913 /* Resources */ = {
			isa = PBXResourcesBuildPhase;
			buildActionMask = 2147483647;
			files = (
				763617E81D9B1E4D009C3913 /* Main.storyboard in Resources */,
				763617EA1D9B1E4D009C3913 /* Assets.xcassets in Resources */,
				763617ED1D9B1E4D009C3913 /* LaunchScreen.storyboard in Resources */,
			);
			runOnlyForDeploymentPostprocessing = 0;
		};
		7636181E1D9B1FAF009C3913 /* Resources */ = {
			isa = PBXResourcesBuildPhase;
			buildActionMask = 2147483647;
			files = (
				763618261D9B1FAF009C3913 /* Assets.xcassets in Resources */,
				763618241D9B1FAF009C3913 /* Interface.storyboard in Resources */,
			);
			runOnlyForDeploymentPostprocessing = 0;
		};
		7636182A1D9B1FAF009C3913 /* Resources */ = {
			isa = PBXResourcesBuildPhase;
			buildActionMask = 2147483647;
			files = (
				763618361D9B1FAF009C3913 /* Assets.xcassets in Resources */,
			);
			runOnlyForDeploymentPostprocessing = 0;
		};
/* End PBXResourcesBuildPhase section */

/* Begin PBXSourcesBuildPhase section */
		763617D51D9B1E4D009C3913 /* Sources */ = {
			isa = PBXSourcesBuildPhase;
			buildActionMask = 2147483647;
			files = (
				76D19A971D9F039700A69030 /* CGFloat.swift in Sources */,
				763C23231DA0861A0037A432 /* GameScene.swift in Sources */,
				76D19ABE1D9F03A500A69030 /* SKTTimingFunctions.swift in Sources */,
				76D19A9B1D9F039700A69030 /* SKRingNode.swift in Sources */,
				76D19AAE1D9F03A500A69030 /* CGVector+Extensions.swift in Sources */,
				76D19AAC1D9F03A500A69030 /* CGPoint+Extensions.swift in Sources */,
				76D19AAA1D9F03A500A69030 /* CGFloat+Extensions.swift in Sources */,
				76D19ABA1D9F03A500A69030 /* SKTAudio.swift in Sources */,
				76D19A991D9F039700A69030 /* SKColor.swift in Sources */,
				76D19AB81D9F03A500A69030 /* SKNode+Extensions.swift in Sources */,
				76D19AB21D9F03A500A69030 /* SKAction+Extensions.swift in Sources */,
				76D19AB41D9F03A500A69030 /* SKAction+SpecialEffects.swift in Sources */,
				763617E51D9B1E4D009C3913 /* GameViewController.swift in Sources */,
				763617DD1D9B1E4D009C3913 /* AppDelegate.swift in Sources */,
				76D19ABC1D9F03A500A69030 /* SKTEffects.swift in Sources */,
				76D19AB01D9F03A500A69030 /* Int+Extensions.swift in Sources */,
				769291671DA07F4D00C0A8A2 /* RingType.swift in Sources */,
				76D19AC01D9F03A500A69030 /* Vector3.swift in Sources */,
				76D19AB61D9F03A500A69030 /* SKColor+Extensions.swift in Sources */,
			);
			runOnlyForDeploymentPostprocessing = 0;
		};
		763618281D9B1FAF009C3913 /* Sources */ = {
			isa = PBXSourcesBuildPhase;
			buildActionMask = 2147483647;
			files = (
				76D19AAD1D9F03A500A69030 /* CGPoint+Extensions.swift in Sources */,
				769291681DA07F4D00C0A8A2 /* RingType.swift in Sources */,
				76D19ABD1D9F03A500A69030 /* SKTEffects.swift in Sources */,
				76D19AB31D9F03A500A69030 /* SKAction+Extensions.swift in Sources */,
				76D19A9C1D9F039700A69030 /* SKRingNode.swift in Sources */,
				76D19AB91D9F03A500A69030 /* SKNode+Extensions.swift in Sources */,
				76D19A981D9F039700A69030 /* CGFloat.swift in Sources */,
				76D19ABF1D9F03A500A69030 /* SKTTimingFunctions.swift in Sources */,
				76D19AB51D9F03A500A69030 /* SKAction+SpecialEffects.swift in Sources */,
				76D19AB11D9F03A500A69030 /* Int+Extensions.swift in Sources */,
				76D19AC11D9F03A500A69030 /* Vector3.swift in Sources */,
				76D19A9A1D9F039700A69030 /* SKColor.swift in Sources */,
				763C23241DA0861A0037A432 /* GameScene.swift in Sources */,
				76D19AB71D9F03A500A69030 /* SKColor+Extensions.swift in Sources */,
				76D19AAF1D9F03A500A69030 /* CGVector+Extensions.swift in Sources */,
				763618341D9B1FAF009C3913 /* ExtensionDelegate.swift in Sources */,
				76D19AAB1D9F03A500A69030 /* CGFloat+Extensions.swift in Sources */,
				763618321D9B1FAF009C3913 /* InterfaceController.swift in Sources */,
			);
			runOnlyForDeploymentPostprocessing = 0;
		};
/* End PBXSourcesBuildPhase section */

/* Begin PBXTargetDependency section */
		7636182F1D9B1FAF009C3913 /* PBXTargetDependency */ = {
			isa = PBXTargetDependency;
			target = 7636182B1D9B1FAF009C3913 /* Demo WatchKit Extension */;
			targetProxy = 7636182E1D9B1FAF009C3913 /* PBXContainerItemProxy */;
		};
		763618391D9B1FAF009C3913 /* PBXTargetDependency */ = {
			isa = PBXTargetDependency;
			target = 7636181F1D9B1FAF009C3913 /* Demo WatchKit App */;
			targetProxy = 763618381D9B1FAF009C3913 /* PBXContainerItemProxy */;
		};
/* End PBXTargetDependency section */

/* Begin PBXVariantGroup section */
		763617E61D9B1E4D009C3913 /* Main.storyboard */ = {
			isa = PBXVariantGroup;
			children = (
				763617E71D9B1E4D009C3913 /* Base */,
			);
			name = Main.storyboard;
			sourceTree = "<group>";
		};
		763617EB1D9B1E4D009C3913 /* LaunchScreen.storyboard */ = {
			isa = PBXVariantGroup;
			children = (
				763617EC1D9B1E4D009C3913 /* Base */,
			);
			name = LaunchScreen.storyboard;
			sourceTree = "<group>";
		};
		763618221D9B1FAF009C3913 /* Interface.storyboard */ = {
			isa = PBXVariantGroup;
			children = (
				763618231D9B1FAF009C3913 /* Base */,
			);
			name = Interface.storyboard;
			sourceTree = "<group>";
		};
/* End PBXVariantGroup section */

/* Begin XCBuildConfiguration section */
		763617EF1D9B1E4D009C3913 /* Debug */ = {
			isa = XCBuildConfiguration;
			buildSettings = {
				ALWAYS_SEARCH_USER_PATHS = NO;
				CLANG_ANALYZER_NONNULL = YES;
				CLANG_CXX_LANGUAGE_STANDARD = "gnu++0x";
				CLANG_CXX_LIBRARY = "libc++";
				CLANG_ENABLE_MODULES = YES;
				CLANG_ENABLE_OBJC_ARC = YES;
				CLANG_WARN_BOOL_CONVERSION = YES;
				CLANG_WARN_CONSTANT_CONVERSION = YES;
				CLANG_WARN_DIRECT_OBJC_ISA_USAGE = YES_ERROR;
				CLANG_WARN_DOCUMENTATION_COMMENTS = YES;
				CLANG_WARN_EMPTY_BODY = YES;
				CLANG_WARN_ENUM_CONVERSION = YES;
				CLANG_WARN_INFINITE_RECURSION = YES;
				CLANG_WARN_INT_CONVERSION = YES;
				CLANG_WARN_OBJC_ROOT_CLASS = YES_ERROR;
				CLANG_WARN_SUSPICIOUS_MOVES = YES;
				CLANG_WARN_UNREACHABLE_CODE = YES;
				CLANG_WARN__DUPLICATE_METHOD_MATCH = YES;
				"CODE_SIGN_IDENTITY[sdk=iphoneos*]" = "iPhone Developer";
				COPY_PHASE_STRIP = NO;
				DEBUG_INFORMATION_FORMAT = dwarf;
				ENABLE_STRICT_OBJC_MSGSEND = YES;
				ENABLE_TESTABILITY = YES;
				GCC_C_LANGUAGE_STANDARD = gnu99;
				GCC_DYNAMIC_NO_PIC = NO;
				GCC_NO_COMMON_BLOCKS = YES;
				GCC_OPTIMIZATION_LEVEL = 0;
				GCC_PREPROCESSOR_DEFINITIONS = (
					"DEBUG=1",
					"$(inherited)",
				);
				GCC_WARN_64_TO_32_BIT_CONVERSION = YES;
				GCC_WARN_ABOUT_RETURN_TYPE = YES_ERROR;
				GCC_WARN_UNDECLARED_SELECTOR = YES;
				GCC_WARN_UNINITIALIZED_AUTOS = YES_AGGRESSIVE;
				GCC_WARN_UNUSED_FUNCTION = YES;
				GCC_WARN_UNUSED_VARIABLE = YES;
				IPHONEOS_DEPLOYMENT_TARGET = 10.0;
				MTL_ENABLE_DEBUG_INFO = YES;
				ONLY_ACTIVE_ARCH = YES;
				SDKROOT = iphoneos;
				SWIFT_ACTIVE_COMPILATION_CONDITIONS = DEBUG;
				SWIFT_OPTIMIZATION_LEVEL = "-Onone";
				TARGETED_DEVICE_FAMILY = "1,2";
			};
			name = Debug;
		};
		763617F01D9B1E4D009C3913 /* Release */ = {
			isa = XCBuildConfiguration;
			buildSettings = {
				ALWAYS_SEARCH_USER_PATHS = NO;
				CLANG_ANALYZER_NONNULL = YES;
				CLANG_CXX_LANGUAGE_STANDARD = "gnu++0x";
				CLANG_CXX_LIBRARY = "libc++";
				CLANG_ENABLE_MODULES = YES;
				CLANG_ENABLE_OBJC_ARC = YES;
				CLANG_WARN_BOOL_CONVERSION = YES;
				CLANG_WARN_CONSTANT_CONVERSION = YES;
				CLANG_WARN_DIRECT_OBJC_ISA_USAGE = YES_ERROR;
				CLANG_WARN_DOCUMENTATION_COMMENTS = YES;
				CLANG_WARN_EMPTY_BODY = YES;
				CLANG_WARN_ENUM_CONVERSION = YES;
				CLANG_WARN_INFINITE_RECURSION = YES;
				CLANG_WARN_INT_CONVERSION = YES;
				CLANG_WARN_OBJC_ROOT_CLASS = YES_ERROR;
				CLANG_WARN_SUSPICIOUS_MOVES = YES;
				CLANG_WARN_UNREACHABLE_CODE = YES;
				CLANG_WARN__DUPLICATE_METHOD_MATCH = YES;
				"CODE_SIGN_IDENTITY[sdk=iphoneos*]" = "iPhone Developer";
				COPY_PHASE_STRIP = NO;
				DEBUG_INFORMATION_FORMAT = "dwarf-with-dsym";
				ENABLE_NS_ASSERTIONS = NO;
				ENABLE_STRICT_OBJC_MSGSEND = YES;
				GCC_C_LANGUAGE_STANDARD = gnu99;
				GCC_NO_COMMON_BLOCKS = YES;
				GCC_WARN_64_TO_32_BIT_CONVERSION = YES;
				GCC_WARN_ABOUT_RETURN_TYPE = YES_ERROR;
				GCC_WARN_UNDECLARED_SELECTOR = YES;
				GCC_WARN_UNINITIALIZED_AUTOS = YES_AGGRESSIVE;
				GCC_WARN_UNUSED_FUNCTION = YES;
				GCC_WARN_UNUSED_VARIABLE = YES;
				IPHONEOS_DEPLOYMENT_TARGET = 10.0;
				MTL_ENABLE_DEBUG_INFO = NO;
				SDKROOT = iphoneos;
				SWIFT_OPTIMIZATION_LEVEL = "-Owholemodule";
				TARGETED_DEVICE_FAMILY = "1,2";
				VALIDATE_PRODUCT = YES;
			};
			name = Release;
		};
		763617F21D9B1E4D009C3913 /* Debug */ = {
			isa = XCBuildConfiguration;
			buildSettings = {
				ASSETCATALOG_COMPILER_APPICON_NAME = AppIcon;
				INFOPLIST_FILE = "$(SRCROOT)/Demo/Info.plist";
				LD_RUNPATH_SEARCH_PATHS = "$(inherited) @executable_path/Frameworks";
				PRODUCT_BUNDLE_IDENTIFIER = com.benmorrow.Demo;
				PRODUCT_NAME = "$(TARGET_NAME)";
				SWIFT_VERSION = 3.0;
			};
			name = Debug;
		};
		763617F31D9B1E4D009C3913 /* Release */ = {
			isa = XCBuildConfiguration;
			buildSettings = {
				ASSETCATALOG_COMPILER_APPICON_NAME = AppIcon;
				INFOPLIST_FILE = "$(SRCROOT)/Demo/Info.plist";
				LD_RUNPATH_SEARCH_PATHS = "$(inherited) @executable_path/Frameworks";
				PRODUCT_BUNDLE_IDENTIFIER = com.benmorrow.Demo;
				PRODUCT_NAME = "$(TARGET_NAME)";
				SWIFT_VERSION = 3.0;
			};
			name = Release;
		};
		7636183C1D9B1FAF009C3913 /* Debug */ = {
			isa = XCBuildConfiguration;
			buildSettings = {
				ASSETCATALOG_COMPILER_COMPLICATION_NAME = Complication;
				INFOPLIST_FILE = "$(SRCROOT)/Demo WatchKit Extension/Info.plist";
				LD_RUNPATH_SEARCH_PATHS = "$(inherited) @executable_path/Frameworks @executable_path/../../Frameworks";
				PRODUCT_BUNDLE_IDENTIFIER = com.benmorrow.Demo.watchkitapp.watchkitextension;
				PRODUCT_NAME = "${TARGET_NAME}";
				SDKROOT = watchos;
				SKIP_INSTALL = YES;
				SWIFT_VERSION = 3.0;
				TARGETED_DEVICE_FAMILY = 4;
				WATCHOS_DEPLOYMENT_TARGET = 3.0;
			};
			name = Debug;
		};
		7636183D1D9B1FAF009C3913 /* Release */ = {
			isa = XCBuildConfiguration;
			buildSettings = {
				ASSETCATALOG_COMPILER_COMPLICATION_NAME = Complication;
				INFOPLIST_FILE = "$(SRCROOT)/Demo WatchKit Extension/Info.plist";
				LD_RUNPATH_SEARCH_PATHS = "$(inherited) @executable_path/Frameworks @executable_path/../../Frameworks";
				PRODUCT_BUNDLE_IDENTIFIER = com.benmorrow.Demo.watchkitapp.watchkitextension;
				PRODUCT_NAME = "${TARGET_NAME}";
				SDKROOT = watchos;
				SKIP_INSTALL = YES;
				SWIFT_VERSION = 3.0;
				TARGETED_DEVICE_FAMILY = 4;
				WATCHOS_DEPLOYMENT_TARGET = 3.0;
			};
			name = Release;
		};
		763618401D9B1FAF009C3913 /* Debug */ = {
			isa = XCBuildConfiguration;
			buildSettings = {
				ALWAYS_EMBED_SWIFT_STANDARD_LIBRARIES = YES;
				ASSETCATALOG_COMPILER_APPICON_NAME = AppIcon;
				IBSC_MODULE = SKTRingNodeDemo_WatchKit_App_Extension;
				INFOPLIST_FILE = "$(SRCROOT)/Demo WatchKit App/Info.plist";
				PRODUCT_BUNDLE_IDENTIFIER = com.benmorrow.Demo.watchkitapp;
				PRODUCT_NAME = "$(TARGET_NAME)";
				SDKROOT = watchos;
				SKIP_INSTALL = YES;
				SWIFT_VERSION = 3.0;
				TARGETED_DEVICE_FAMILY = 4;
				WATCHOS_DEPLOYMENT_TARGET = 3.0;
			};
			name = Debug;
		};
		763618411D9B1FAF009C3913 /* Release */ = {
			isa = XCBuildConfiguration;
			buildSettings = {
				ALWAYS_EMBED_SWIFT_STANDARD_LIBRARIES = YES;
				ASSETCATALOG_COMPILER_APPICON_NAME = AppIcon;
				IBSC_MODULE = SKTRingNodeDemo_WatchKit_App_Extension;
				INFOPLIST_FILE = "$(SRCROOT)/Demo WatchKit App/Info.plist";
				PRODUCT_BUNDLE_IDENTIFIER = com.benmorrow.Demo.watchkitapp;
				PRODUCT_NAME = "$(TARGET_NAME)";
				SDKROOT = watchos;
				SKIP_INSTALL = YES;
				SWIFT_VERSION = 3.0;
				TARGETED_DEVICE_FAMILY = 4;
				WATCHOS_DEPLOYMENT_TARGET = 3.0;
			};
			name = Release;
		};
/* End XCBuildConfiguration section */

/* Begin XCConfigurationList section */
		763617D41D9B1E4D009C3913 /* Build configuration list for PBXProject "Demo" */ = {
			isa = XCConfigurationList;
			buildConfigurations = (
				763617EF1D9B1E4D009C3913 /* Debug */,
				763617F01D9B1E4D009C3913 /* Release */,
			);
			defaultConfigurationIsVisible = 0;
			defaultConfigurationName = Release;
		};
		763617F11D9B1E4D009C3913 /* Build configuration list for PBXNativeTarget "Demo" */ = {
			isa = XCConfigurationList;
			buildConfigurations = (
				763617F21D9B1E4D009C3913 /* Debug */,
				763617F31D9B1E4D009C3913 /* Release */,
			);
			defaultConfigurationIsVisible = 0;
			defaultConfigurationName = Release;
		};
		7636183B1D9B1FAF009C3913 /* Build configuration list for PBXNativeTarget "Demo WatchKit Extension" */ = {
			isa = XCConfigurationList;
			buildConfigurations = (
				7636183C1D9B1FAF009C3913 /* Debug */,
				7636183D1D9B1FAF009C3913 /* Release */,
			);
			defaultConfigurationIsVisible = 0;
			defaultConfigurationName = Release;
		};
		7636183F1D9B1FAF009C3913 /* Build configuration list for PBXNativeTarget "Demo WatchKit App" */ = {
			isa = XCConfigurationList;
			buildConfigurations = (
				763618401D9B1FAF009C3913 /* Debug */,
				763618411D9B1FAF009C3913 /* Release */,
			);
			defaultConfigurationIsVisible = 0;
			defaultConfigurationName = Release;
		};
/* End XCConfigurationList section */
	};
	rootObject = 763617D11D9B1E4D009C3913 /* Project object */;
}
